
Microsoft Visual Studio Solution File, Format Version 12.00
# Visual Studio 14
VisualStudioVersion = 14.0.25123.0
MinimumVisualStudioVersion = 10.0.40219.1
Project("{FAE04EC0-301F-11D3-BF4B-00C04F79EFBC}") = "StrategyTester", "StrategyTester\StrategyTester.csproj", "{30D41A3B-2644-4213-9194-B89BEDC8C0C2}"
EndProject
Project("{2150E333-8FDC-42A3-9474-1A3956D46DE8}") = "Strategy", "Strategy", "{5A5949BA-BC31-46E1-8F44-6D5A4081D893}"
EndProject
Project("{2150E333-8FDC-42A3-9474-1A3956D46DE8}") = "Candles", "Candles", "{E2FC0E3D-90CC-47C1-AFF1-BAE99350C68B}"
EndProject
Project("{FAE04EC0-301F-11D3-BF4B-00C04F79EFBC}") = "StatsReaderFromTxt", "StatsLoaderFromTxt\StatsReaderFromTxt.csproj", "{A334A6DA-867D-4218-B90B-602BD1F277D2}"
EndProject
Project("{FAE04EC0-301F-11D3-BF4B-00C04F79EFBC}") = "Models", "Models\Models.csproj", "{9688F8A5-C55C-4A7B-ADCB-F514FC81C540}"
EndProject
Project("{FAE04EC0-301F-11D3-BF4B-00C04F79EFBC}") = "LibsLoader", "LibsLoader\LibsLoader.csproj", "{4EBA18F4-635C-45D1-AC6C-77BEB157BAA2}"
EndProject
Project("{FAE04EC0-301F-11D3-BF4B-00C04F79EFBC}") = "Interfaces", "InterfaceStrategyLib\Interfaces.csproj", "{F59FF4DE-85CD-4E34-AD07-E8EF0AF256F9}"
EndProject
Project("{2150E333-8FDC-42A3-9474-1A3956D46DE8}") = "ModelAndInterfaces", "ModelAndInterfaces", "{1B78E2BA-75C6-452F-A235-31D4172CDFD0}"
EndProject
Project("{2150E333-8FDC-42A3-9474-1A3956D46DE8}") = "Patterns", "Patterns", "{55D3960B-C3E3-4A3B-8F39-0ECBE710496D}"
EndProject
Project("{FAE04EC0-301F-11D3-BF4B-00C04F79EFBC}") = "HammerAndHangingMan", "HammerAndHangingMan\HammerAndHangingMan.csproj", "{DA37EF4C-656D-43ED-B40B-3EC010B7CA42}"
EndProject
Global
	GlobalSection(SolutionConfigurationPlatforms) = preSolution
		Debug|Any CPU = Debug|Any CPU
		Release|Any CPU = Release|Any CPU
	EndGlobalSection
	GlobalSection(ProjectConfigurationPlatforms) = postSolution
		{30D41A3B-2644-4213-9194-B89BEDC8C0C2}.Debug|Any CPU.ActiveCfg = Debug|Any CPU
		{30D41A3B-2644-4213-9194-B89BEDC8C0C2}.Debug|Any CPU.Build.0 = Debug|Any CPU
		{30D41A3B-2644-4213-9194-B89BEDC8C0C2}.Release|Any CPU.ActiveCfg = Release|Any CPU
		{30D41A3B-2644-4213-9194-B89BEDC8C0C2}.Release|Any CPU.Build.0 = Release|Any CPU
		{A334A6DA-867D-4218-B90B-602BD1F277D2}.Debug|Any CPU.ActiveCfg = Debug|Any CPU
		{A334A6DA-867D-4218-B90B-602BD1F277D2}.Debug|Any CPU.Build.0 = Debug|Any CPU
		{A334A6DA-867D-4218-B90B-602BD1F277D2}.Release|Any CPU.ActiveCfg = Release|Any CPU
		{A334A6DA-867D-4218-B90B-602BD1F277D2}.Release|Any CPU.Build.0 = Release|Any CPU
		{9688F8A5-C55C-4A7B-ADCB-F514FC81C540}.Debug|Any CPU.ActiveCfg = Debug|Any CPU
		{9688F8A5-C55C-4A7B-ADCB-F514FC81C540}.Debug|Any CPU.Build.0 = Debug|Any CPU
		{9688F8A5-C55C-4A7B-ADCB-F514FC81C540}.Release|Any CPU.ActiveCfg = Release|Any CPU
		{9688F8A5-C55C-4A7B-ADCB-F514FC81C540}.Release|Any CPU.Build.0 = Release|Any CPU
		{4EBA18F4-635C-45D1-AC6C-77BEB157BAA2}.Debug|Any CPU.ActiveCfg = Debug|Any CPU
		{4EBA18F4-635C-45D1-AC6C-77BEB157BAA2}.Debug|Any CPU.Build.0 = Debug|Any CPU
		{4EBA18F4-635C-45D1-AC6C-77BEB157BAA2}.Release|Any CPU.ActiveCfg = Release|Any CPU
		{4EBA18F4-635C-45D1-AC6C-77BEB157BAA2}.Release|Any CPU.Build.0 = Release|Any CPU
		{F59FF4DE-85CD-4E34-AD07-E8EF0AF256F9}.Debug|Any CPU.ActiveCfg = Debug|Any CPU
		{F59FF4DE-85CD-4E34-AD07-E8EF0AF256F9}.Debug|Any CPU.Build.0 = Debug|Any CPU
		{F59FF4DE-85CD-4E34-AD07-E8EF0AF256F9}.Release|Any CPU.ActiveCfg = Release|Any CPU
		{F59FF4DE-85CD-4E34-AD07-E8EF0AF256F9}.Release|Any CPU.Build.0 = Release|Any CPU
		{DA37EF4C-656D-43ED-B40B-3EC010B7CA42}.Debug|Any CPU.ActiveCfg = Debug|Any CPU
		{DA37EF4C-656D-43ED-B40B-3EC010B7CA42}.Debug|Any CPU.Build.0 = Debug|Any CPU
		{DA37EF4C-656D-43ED-B40B-3EC010B7CA42}.Release|Any CPU.ActiveCfg = Release|Any CPU
		{DA37EF4C-656D-43ED-B40B-3EC010B7CA42}.Release|Any CPU.Build.0 = Release|Any CPU
	EndGlobalSection
	GlobalSection(SolutionProperties) = preSolution
		HideSolutionNode = FALSE
	EndGlobalSection
	GlobalSection(NestedProjects) = preSolution
		{E2FC0E3D-90CC-47C1-AFF1-BAE99350C68B} = {5A5949BA-BC31-46E1-8F44-6D5A4081D893}
		{DA37EF4C-656D-43ED-B40B-3EC010B7CA42} = {55D3960B-C3E3-4A3B-8F39-0ECBE710496D}
	EndGlobalSection
EndGlobal
